// !$*UTF8*$!
{
	archiveVersion = 1;
	classes = {
	};
	objectVersion = 55;
	objects = {

/* Begin PBXBuildFile section */
		21EAC14A27A62E7E00B8C469 /* AppColors.swift in Sources */ = {isa = PBXBuildFile; fileRef = 21EAC14927A62E7E00B8C469 /* AppColors.swift */; };
		21F58A3B27A3EE0D00883402 /* ThemeSwitchApp.swift in Sources */ = {isa = PBXBuildFile; fileRef = 21F58A3A27A3EE0D00883402 /* ThemeSwitchApp.swift */; };
		21F58A3D27A3EE0D00883402 /* ContentView.swift in Sources */ = {isa = PBXBuildFile; fileRef = 21F58A3C27A3EE0D00883402 /* ContentView.swift */; };
		21F58A3F27A3EE0E00883402 /* Assets.xcassets in Resources */ = {isa = PBXBuildFile; fileRef = 21F58A3E27A3EE0E00883402 /* Assets.xcassets */; };
		21F58A4227A3EE0E00883402 /* Preview Assets.xcassets in Resources */ = {isa = PBXBuildFile; fileRef = 21F58A4127A3EE0E00883402 /* Preview Assets.xcassets */; };
		21F58A4C27A3EE0E00883402 /* ThemeSwitchTests.swift in Sources */ = {isa = PBXBuildFile; fileRef = 21F58A4B27A3EE0E00883402 /* ThemeSwitchTests.swift */; };
		21F58A5627A3EE0E00883402 /* ThemeSwitchUITests.swift in Sources */ = {isa = PBXBuildFile; fileRef = 21F58A5527A3EE0E00883402 /* ThemeSwitchUITests.swift */; };
		21F58A5827A3EE0E00883402 /* ThemeSwitchUITestsLaunchTests.swift in Sources */ = {isa = PBXBuildFile; fileRef = 21F58A5727A3EE0E00883402 /* ThemeSwitchUITestsLaunchTests.swift */; };
		21F58A6527A3EE6900883402 /* Themes.swift in Sources */ = {isa = PBXBuildFile; fileRef = 21F58A6427A3EE6900883402 /* Themes.swift */; };
		21F58A6727A3F52100883402 /* ThemeManager.swift in Sources */ = {isa = PBXBuildFile; fileRef = 21F58A6627A3F52100883402 /* ThemeManager.swift */; };
		21F58A6927A4132B00883402 /* ThemeEnvironment.swift in Sources */ = {isa = PBXBuildFile; fileRef = 21F58A6827A4132B00883402 /* ThemeEnvironment.swift */; };
/* End PBXBuildFile section */

/* Begin PBXContainerItemProxy section */
		21F58A4827A3EE0E00883402 /* PBXContainerItemProxy */ = {
			isa = PBXContainerItemProxy;
			containerPortal = 21F58A2F27A3EE0C00883402 /* Project object */;
			proxyType = 1;
			remoteGlobalIDString = 21F58A3627A3EE0C00883402;
			remoteInfo = ThemeSwitch;
		};
		21F58A5227A3EE0E00883402 /* PBXContainerItemProxy */ = {
			isa = PBXContainerItemProxy;
			containerPortal = 21F58A2F27A3EE0C00883402 /* Project object */;
			proxyType = 1;
			remoteGlobalIDString = 21F58A3627A3EE0C00883402;
			remoteInfo = ThemeSwitch;
		};
/* End PBXContainerItemProxy section */

/* Begin PBXFileReference section */
		21EAC14927A62E7E00B8C469 /* AppColors.swift */ = {isa = PBXFileReference; lastKnownFileType = sourcecode.swift; path = AppColors.swift; sourceTree = "<group>"; };
		21F58A3727A3EE0D00883402 /* ThemeSwitch.app */ = {isa = PBXFileReference; explicitFileType = wrapper.application; includeInIndex = 0; path = ThemeSwitch.app; sourceTree = BUILT_PRODUCTS_DIR; };
		21F58A3A27A3EE0D00883402 /* ThemeSwitchApp.swift */ = {isa = PBXFileReference; lastKnownFileType = sourcecode.swift; path = ThemeSwitchApp.swift; sourceTree = "<group>"; };
		21F58A3C27A3EE0D00883402 /* ContentView.swift */ = {isa = PBXFileReference; lastKnownFileType = sourcecode.swift; path = ContentView.swift; sourceTree = "<group>"; };
		21F58A3E27A3EE0E00883402 /* Assets.xcassets */ = {isa = PBXFileReference; lastKnownFileType = folder.assetcatalog; path = Assets.xcassets; sourceTree = "<group>"; };
		21F58A4127A3EE0E00883402 /* Preview Assets.xcassets */ = {isa = PBXFileReference; lastKnownFileType = folder.assetcatalog; path = "Preview Assets.xcassets"; sourceTree = "<group>"; };
		21F58A4727A3EE0E00883402 /* ThemeSwitchTests.xctest */ = {isa = PBXFileReference; explicitFileType = wrapper.cfbundle; includeInIndex = 0; path = ThemeSwitchTests.xctest; sourceTree = BUILT_PRODUCTS_DIR; };
		21F58A4B27A3EE0E00883402 /* ThemeSwitchTests.swift */ = {isa = PBXFileReference; lastKnownFileType = sourcecode.swift; path = ThemeSwitchTests.swift; sourceTree = "<group>"; };
		21F58A5127A3EE0E00883402 /* ThemeSwitchUITests.xctest */ = {isa = PBXFileReference; explicitFileType = wrapper.cfbundle; includeInIndex = 0; path = ThemeSwitchUITests.xctest; sourceTree = BUILT_PRODUCTS_DIR; };
		21F58A5527A3EE0E00883402 /* ThemeSwitchUITests.swift */ = {isa = PBXFileReference; lastKnownFileType = sourcecode.swift; path = ThemeSwitchUITests.swift; sourceTree = "<group>"; };
		21F58A5727A3EE0E00883402 /* ThemeSwitchUITestsLaunchTests.swift */ = {isa = PBXFileReference; lastKnownFileType = sourcecode.swift; path = ThemeSwitchUITestsLaunchTests.swift; sourceTree = "<group>"; };
		21F58A6427A3EE6900883402 /* Themes.swift */ = {isa = PBXFileReference; lastKnownFileType = sourcecode.swift; path = Themes.swift; sourceTree = "<group>"; };
		21F58A6627A3F52100883402 /* ThemeManager.swift */ = {isa = PBXFileReference; lastKnownFileType = sourcecode.swift; path = ThemeManager.swift; sourceTree = "<group>"; };
		21F58A6827A4132B00883402 /* ThemeEnvironment.swift */ = {isa = PBXFileReference; lastKnownFileType = sourcecode.swift; path = ThemeEnvironment.swift; sourceTree = "<group>"; };
/* End PBXFileReference section */

/* Begin PBXFrameworksBuildPhase section */
		21F58A3427A3EE0C00883402 /* Frameworks */ = {
			isa = PBXFrameworksBuildPhase;
			buildActionMask = 2147483647;
			files = (
			);
			runOnlyForDeploymentPostprocessing = 0;
		};
		21F58A4427A3EE0E00883402 /* Frameworks */ = {
			isa = PBXFrameworksBuildPhase;
			buildActionMask = 2147483647;
			files = (
			);
			runOnlyForDeploymentPostprocessing = 0;
		};
		21F58A4E27A3EE0E00883402 /* Frameworks */ = {
			isa = PBXFrameworksBuildPhase;
			buildActionMask = 2147483647;
			files = (
			);
			runOnlyForDeploymentPostprocessing = 0;
		};
/* End PBXFrameworksBuildPhase section */

/* Begin PBXGroup section */
		21F58A2E27A3EE0C00883402 = {
			isa = PBXGroup;
			children = (
				21F58A3927A3EE0D00883402 /* ThemeSwitch */,
				21F58A4A27A3EE0E00883402 /* ThemeSwitchTests */,
				21F58A5427A3EE0E00883402 /* ThemeSwitchUITests */,
				21F58A3827A3EE0D00883402 /* Products */,
			);
			sourceTree = "<group>";
		};
		21F58A3827A3EE0D00883402 /* Products */ = {
			isa = PBXGroup;
			children = (
				21F58A3727A3EE0D00883402 /* ThemeSwitch.app */,
				21F58A4727A3EE0E00883402 /* ThemeSwitchTests.xctest */,
				21F58A5127A3EE0E00883402 /* ThemeSwitchUITests.xctest */,
			);
			name = Products;
			sourceTree = "<group>";
		};
		21F58A3927A3EE0D00883402 /* ThemeSwitch */ = {
			isa = PBXGroup;
			children = (
				21F58A3A27A3EE0D00883402 /* ThemeSwitchApp.swift */,
				21F58A6427A3EE6900883402 /* Themes.swift */,
				21F58A6627A3F52100883402 /* ThemeManager.swift */,
				21F58A6827A4132B00883402 /* ThemeEnvironment.swift */,
				21F58A3C27A3EE0D00883402 /* ContentView.swift */,
				21EAC14927A62E7E00B8C469 /* AppColors.swift */,
				21F58A3E27A3EE0E00883402 /* Assets.xcassets */,
				21F58A4027A3EE0E00883402 /* Preview Content */,
			);
			path = ThemeSwitch;
			sourceTree = "<group>";
		};
		21F58A4027A3EE0E00883402 /* Preview Content */ = {
			isa = PBXGroup;
			children = (
				21F58A4127A3EE0E00883402 /* Preview Assets.xcassets */,
			);
			path = "Preview Content";
			sourceTree = "<group>";
		};
		21F58A4A27A3EE0E00883402 /* ThemeSwitchTests */ = {
			isa = PBXGroup;
			children = (
				21F58A4B27A3EE0E00883402 /* ThemeSwitchTests.swift */,
			);
			path = ThemeSwitchTests;
			sourceTree = "<group>";
		};
		21F58A5427A3EE0E00883402 /* ThemeSwitchUITests */ = {
			isa = PBXGroup;
			children = (
				21F58A5527A3EE0E00883402 /* ThemeSwitchUITests.swift */,
				21F58A5727A3EE0E00883402 /* ThemeSwitchUITestsLaunchTests.swift */,
			);
			path = ThemeSwitchUITests;
			sourceTree = "<group>";
		};
/* End PBXGroup section */

/* Begin PBXNativeTarget section */
		21F58A3627A3EE0C00883402 /* ThemeSwitch */ = {
			isa = PBXNativeTarget;
			buildConfigurationList = 21F58A5B27A3EE0E00883402 /* Build configuration list for PBXNativeTarget "ThemeSwitch" */;
			buildPhases = (
				21F58A3327A3EE0C00883402 /* Sources */,
				21F58A3427A3EE0C00883402 /* Frameworks */,
				21F58A3527A3EE0C00883402 /* Resources */,
			);
			buildRules = (
			);
			dependencies = (
			);
			name = ThemeSwitch;
			productName = ThemeSwitch;
			productReference = 21F58A3727A3EE0D00883402 /* ThemeSwitch.app */;
			productType = "com.apple.product-type.application";
		};
		21F58A4627A3EE0E00883402 /* ThemeSwitchTests */ = {
			isa = PBXNativeTarget;
			buildConfigurationList = 21F58A5E27A3EE0E00883402 /* Build configuration list for PBXNativeTarget "ThemeSwitchTests" */;
			buildPhases = (
				21F58A4327A3EE0E00883402 /* Sources */,
				21F58A4427A3EE0E00883402 /* Frameworks */,
				21F58A4527A3EE0E00883402 /* Resources */,
			);
			buildRules = (
			);
			dependencies = (
				21F58A4927A3EE0E00883402 /* PBXTargetDependency */,
			);
			name = ThemeSwitchTests;
			productName = ThemeSwitchTests;
			productReference = 21F58A4727A3EE0E00883402 /* ThemeSwitchTests.xctest */;
			productType = "com.apple.product-type.bundle.unit-test";
		};
		21F58A5027A3EE0E00883402 /* ThemeSwitchUITests */ = {
			isa = PBXNativeTarget;
			buildConfigurationList = 21F58A6127A3EE0E00883402 /* Build configuration list for PBXNativeTarget "ThemeSwitchUITests" */;
			buildPhases = (
				21F58A4D27A3EE0E00883402 /* Sources */,
				21F58A4E27A3EE0E00883402 /* Frameworks */,
				21F58A4F27A3EE0E00883402 /* Resources */,
			);
			buildRules = (
			);
			dependencies = (
				21F58A5327A3EE0E00883402 /* PBXTargetDependency */,
			);
			name = ThemeSwitchUITests;
			productName = ThemeSwitchUITests;
			productReference = 21F58A5127A3EE0E00883402 /* ThemeSwitchUITests.xctest */;
			productType = "com.apple.product-type.bundle.ui-testing";
		};
/* End PBXNativeTarget section */

/* Begin PBXProject section */
		21F58A2F27A3EE0C00883402 /* Project object */ = {
			isa = PBXProject;
			attributes = {
				BuildIndependentTargetsInParallel = 1;
				LastSwiftUpdateCheck = 1320;
				LastUpgradeCheck = 1320;
				TargetAttributes = {
					21F58A3627A3EE0C00883402 = {
						CreatedOnToolsVersion = 13.2;
					};
					21F58A4627A3EE0E00883402 = {
						CreatedOnToolsVersion = 13.2;
						TestTargetID = 21F58A3627A3EE0C00883402;
					};
					21F58A5027A3EE0E00883402 = {
						CreatedOnToolsVersion = 13.2;
						TestTargetID = 21F58A3627A3EE0C00883402;
					};
				};
			};
			buildConfigurationList = 21F58A3227A3EE0C00883402 /* Build configuration list for PBXProject "ThemeSwitch" */;
			compatibilityVersion = "Xcode 13.0";
			developmentRegion = en;
			hasScannedForEncodings = 0;
			knownRegions = (
				en,
				Base,
			);
			mainGroup = 21F58A2E27A3EE0C00883402;
			productRefGroup = 21F58A3827A3EE0D00883402 /* Products */;
			projectDirPath = "";
			projectRoot = "";
			targets = (
				21F58A3627A3EE0C00883402 /* ThemeSwitch */,
				21F58A4627A3EE0E00883402 /* ThemeSwitchTests */,
				21F58A5027A3EE0E00883402 /* ThemeSwitchUITests */,
			);
		};
/* End PBXProject section */

/* Begin PBXResourcesBuildPhase section */
		21F58A3527A3EE0C00883402 /* Resources */ = {
			isa = PBXResourcesBuildPhase;
			buildActionMask = 2147483647;
			files = (
				21F58A4227A3EE0E00883402 /* Preview Assets.xcassets in Resources */,
				21F58A3F27A3EE0E00883402 /* Assets.xcassets in Resources */,
			);
			runOnlyForDeploymentPostprocessing = 0;
		};
		21F58A4527A3EE0E00883402 /* Resources */ = {
			isa = PBXResourcesBuildPhase;
			buildActionMask = 2147483647;
			files = (
			);
			runOnlyForDeploymentPostprocessing = 0;
		};
		21F58A4F27A3EE0E00883402 /* Resources */ = {
			isa = PBXResourcesBuildPhase;
			buildActionMask = 2147483647;
			files = (
			);
			runOnlyForDeploymentPostprocessing = 0;
		};
/* End PBXResourcesBuildPhase section */

/* Begin PBXSourcesBuildPhase section */
		21F58A3327A3EE0C00883402 /* Sources */ = {
			isa = PBXSourcesBuildPhase;
			buildActionMask = 2147483647;
			files = (
				21F58A3D27A3EE0D00883402 /* ContentView.swift in Sources */,
				21F58A6927A4132B00883402 /* ThemeEnvironment.swift in Sources */,
				21F58A6527A3EE6900883402 /* Themes.swift in Sources */,
				21EAC14A27A62E7E00B8C469 /* AppColors.swift in Sources */,
				21F58A3B27A3EE0D00883402 /* ThemeSwitchApp.swift in Sources */,
				21F58A6727A3F52100883402 /* ThemeManager.swift in Sources */,
			);
			runOnlyForDeploymentPostprocessing = 0;
		};
		21F58A4327A3EE0E00883402 /* Sources */ = {
			isa = PBXSourcesBuildPhase;
			buildActionMask = 2147483647;
			files = (
				21F58A4C27A3EE0E00883402 /* ThemeSwitchTests.swift in Sources */,
			);
			runOnlyForDeploymentPostprocessing = 0;
		};
		21F58A4D27A3EE0E00883402 /* Sources */ = {
			isa = PBXSourcesBuildPhase;
			buildActionMask = 2147483647;
			files = (
				21F58A5827A3EE0E00883402 /* ThemeSwitchUITestsLaunchTests.swift in Sources */,
				21F58A5627A3EE0E00883402 /* ThemeSwitchUITests.swift in Sources */,
			);
			runOnlyForDeploymentPostprocessing = 0;
		};
/* End PBXSourcesBuildPhase section */

/* Begin PBXTargetDependency section */
		21F58A4927A3EE0E00883402 /* PBXTargetDependency */ = {
			isa = PBXTargetDependency;
			target = 21F58A3627A3EE0C00883402 /* ThemeSwitch */;
			targetProxy = 21F58A4827A3EE0E00883402 /* PBXContainerItemProxy */;
		};
		21F58A5327A3EE0E00883402 /* PBXTargetDependency */ = {
			isa = PBXTargetDependency;
			target = 21F58A3627A3EE0C00883402 /* ThemeSwitch */;
			targetProxy = 21F58A5227A3EE0E00883402 /* PBXContainerItemProxy */;
		};
/* End PBXTargetDependency section */

/* Begin XCBuildConfiguration section */
		21F58A5927A3EE0E00883402 /* Debug */ = {
			isa = XCBuildConfiguration;
			buildSettings = {
				ALWAYS_SEARCH_USER_PATHS = NO;
				CLANG_ANALYZER_NONNULL = YES;
				CLANG_ANALYZER_NUMBER_OBJECT_CONVERSION = YES_AGGRESSIVE;
				CLANG_CXX_LANGUAGE_STANDARD = "gnu++17";
				CLANG_CXX_LIBRARY = "libc++";
				CLANG_ENABLE_MODULES = YES;
				CLANG_ENABLE_OBJC_ARC = YES;
				CLANG_ENABLE_OBJC_WEAK = YES;
				CLANG_WARN_BLOCK_CAPTURE_AUTORELEASING = YES;
				CLANG_WARN_BOOL_CONVERSION = YES;
				CLANG_WARN_COMMA = YES;
				CLANG_WARN_CONSTANT_CONVERSION = YES;
				CLANG_WARN_DEPRECATED_OBJC_IMPLEMENTATIONS = YES;
				CLANG_WARN_DIRECT_OBJC_ISA_USAGE = YES_ERROR;
				CLANG_WARN_DOCUMENTATION_COMMENTS = YES;
				CLANG_WARN_EMPTY_BODY = YES;
				CLANG_WARN_ENUM_CONVERSION = YES;
				CLANG_WARN_INFINITE_RECURSION = YES;
				CLANG_WARN_INT_CONVERSION = YES;
				CLANG_WARN_NON_LITERAL_NULL_CONVERSION = YES;
				CLANG_WARN_OBJC_IMPLICIT_RETAIN_SELF = YES;
				CLANG_WARN_OBJC_LITERAL_CONVERSION = YES;
				CLANG_WARN_OBJC_ROOT_CLASS = YES_ERROR;
				CLANG_WARN_QUOTED_INCLUDE_IN_FRAMEWORK_HEADER = YES;
				CLANG_WARN_RANGE_LOOP_ANALYSIS = YES;
				CLANG_WARN_STRICT_PROTOTYPES = YES;
				CLANG_WARN_SUSPICIOUS_MOVE = YES;
				CLANG_WARN_UNGUARDED_AVAILABILITY = YES_AGGRESSIVE;
				CLANG_WARN_UNREACHABLE_CODE = YES;
				CLANG_WARN__DUPLICATE_METHOD_MATCH = YES;
				COPY_PHASE_STRIP = NO;
				DEBUG_INFORMATION_FORMAT = dwarf;
				ENABLE_STRICT_OBJC_MSGSEND = YES;
				ENABLE_TESTABILITY = YES;
				GCC_C_LANGUAGE_STANDARD = gnu11;
				GCC_DYNAMIC_NO_PIC = NO;
				GCC_NO_COMMON_BLOCKS = YES;
				GCC_OPTIMIZATION_LEVEL = 0;
				GCC_PREPROCESSOR_DEFINITIONS = (
					"DEBUG=1",
					"$(inherited)",
				);
				GCC_WARN_64_TO_32_BIT_CONVERSION = YES;
				GCC_WARN_ABOUT_RETURN_TYPE = YES_ERROR;
				GCC_WARN_UNDECLARED_SELECTOR = YES;
				GCC_WARN_UNINITIALIZED_AUTOS = YES_AGGRESSIVE;
				GCC_WARN_UNUSED_FUNCTION = YES;
				GCC_WARN_UNUSED_VARIABLE = YES;
				IPHONEOS_DEPLOYMENT_TARGET = 15.2;
				MTL_ENABLE_DEBUG_INFO = INCLUDE_SOURCE;
				MTL_FAST_MATH = YES;
				ONLY_ACTIVE_ARCH = YES;
				SDKROOT = iphoneos;
				SWIFT_ACTIVE_COMPILATION_CONDITIONS = DEBUG;
				SWIFT_OPTIMIZATION_LEVEL = "-Onone";
			};
			name = Debug;
		};
		21F58A5A27A3EE0E00883402 /* Release */ = {
			isa = XCBuildConfiguration;
			buildSettings = {
				ALWAYS_SEARCH_USER_PATHS = NO;
				CLANG_ANALYZER_NONNULL = YES;
				CLANG_ANALYZER_NUMBER_OBJECT_CONVERSION = YES_AGGRESSIVE;
				CLANG_CXX_LANGUAGE_STANDARD = "gnu++17";
				CLANG_CXX_LIBRARY = "libc++";
				CLANG_ENABLE_MODULES = YES;
				CLANG_ENABLE_OBJC_ARC = YES;
				CLANG_ENABLE_OBJC_WEAK = YES;
				CLANG_WARN_BLOCK_CAPTURE_AUTORELEASING = YES;
				CLANG_WARN_BOOL_CONVERSION = YES;
				CLANG_WARN_COMMA = YES;
				CLANG_WARN_CONSTANT_CONVERSION = YES;
				CLANG_WARN_DEPRECATED_OBJC_IMPLEMENTATIONS = YES;
				CLANG_WARN_DIRECT_OBJC_ISA_USAGE = YES_ERROR;
				CLANG_WARN_DOCUMENTATION_COMMENTS = YES;
				CLANG_WARN_EMPTY_BODY = YES;
				CLANG_WARN_ENUM_CONVERSION = YES;
				CLANG_WARN_INFINITE_RECURSION = YES;
				CLANG_WARN_INT_CONVERSION = YES;
				CLANG_WARN_NON_LITERAL_NULL_CONVERSION = YES;
				CLANG_WARN_OBJC_IMPLICIT_RETAIN_SELF = YES;
				CLANG_WARN_OBJC_LITERAL_CONVERSION = YES;
				CLANG_WARN_OBJC_ROOT_CLASS = YES_ERROR;
				CLANG_WARN_QUOTED_INCLUDE_IN_FRAMEWORK_HEADER = YES;
				CLANG_WARN_RANGE_LOOP_ANALYSIS = YES;
				CLANG_WARN_STRICT_PROTOTYPES = YES;
				CLANG_WARN_SUSPICIOUS_MOVE = YES;
				CLANG_WARN_UNGUARDED_AVAILABILITY = YES_AGGRESSIVE;
				CLANG_WARN_UNREACHABLE_CODE = YES;
				CLANG_WARN__DUPLICATE_METHOD_MATCH = YES;
				COPY_PHASE_STRIP = NO;
				DEBUG_INFORMATION_FORMAT = "dwarf-with-dsym";
				ENABLE_NS_ASSERTIONS = NO;
				ENABLE_STRICT_OBJC_MSGSEND = YES;
				GCC_C_LANGUAGE_STANDARD = gnu11;
				GCC_NO_COMMON_BLOCKS = YES;
				GCC_WARN_64_TO_32_BIT_CONVERSION = YES;
				GCC_WARN_ABOUT_RETURN_TYPE = YES_ERROR;
				GCC_WARN_UNDECLARED_SELECTOR = YES;
				GCC_WARN_UNINITIALIZED_AUTOS = YES_AGGRESSIVE;
				GCC_WARN_UNUSED_FUNCTION = YES;
				GCC_WARN_UNUSED_VARIABLE = YES;
				IPHONEOS_DEPLOYMENT_TARGET = 15.2;
				MTL_ENABLE_DEBUG_INFO = NO;
				MTL_FAST_MATH = YES;
				SDKROOT = iphoneos;
				SWIFT_COMPILATION_MODE = wholemodule;
				SWIFT_OPTIMIZATION_LEVEL = "-O";
				VALIDATE_PRODUCT = YES;
			};
			name = Release;
		};
		21F58A5C27A3EE0E00883402 /* Debug */ = {
			isa = XCBuildConfiguration;
			buildSettings = {
				ASSETCATALOG_COMPILER_APPICON_NAME = AppIcon;
				ASSETCATALOG_COMPILER_GLOBAL_ACCENT_COLOR_NAME = AccentColor;
				CODE_SIGN_STYLE = Automatic;
				CURRENT_PROJECT_VERSION = 1;
				DEVELOPMENT_ASSET_PATHS = "\"ThemeSwitch/Preview Content\"";
				ENABLE_PREVIEWS = YES;
				GENERATE_INFOPLIST_FILE = YES;
				INFOPLIST_KEY_UIApplicationSceneManifest_Generation = YES;
				INFOPLIST_KEY_UIApplicationSupportsIndirectInputEvents = YES;
				INFOPLIST_KEY_UILaunchScreen_Generation = YES;
				INFOPLIST_KEY_UISupportedInterfaceOrientations_iPad = "UIInterfaceOrientationPortrait UIInterfaceOrientationPortraitUpsideDown UIInterfaceOrientationLandscapeLeft UIInterfaceOrientationLandscapeRight";
				INFOPLIST_KEY_UISupportedInterfaceOrientations_iPhone = "UIInterfaceOrientationPortrait UIInterfaceOrientationLandscapeLeft UIInterfaceOrientationLandscapeRight";
				IPHONEOS_DEPLOYMENT_TARGET = 14.0;
				LD_RUNPATH_SEARCH_PATHS = (
					"$(inherited)",
					"@executable_path/Frameworks",
				);
				MARKETING_VERSION = 1.0;
				PRODUCT_BUNDLE_IDENTIFIER = me.viennarz.ThemeSwitch;
				PRODUCT_NAME = "$(TARGET_NAME)";
				SWIFT_EMIT_LOC_STRINGS = YES;
				SWIFT_VERSION = 5.0;
				TARGETED_DEVICE_FAMILY = "1,2";
			};
			name = Debug;
		};
		21F58A5D27A3EE0E00883402 /* Release */ = {
			isa = XCBuildConfiguration;
			buildSettings = {
				ASSETCATALOG_COMPILER_APPICON_NAME = AppIcon;
				ASSETCATALOG_COMPILER_GLOBAL_ACCENT_COLOR_NAME = AccentColor;
				CODE_SIGN_STYLE = Automatic;
				CURRENT_PROJECT_VERSION = 1;
				DEVELOPMENT_ASSET_PATHS = "\"ThemeSwitch/Preview Content\"";
				ENABLE_PREVIEWS = YES;
				GENERATE_INFOPLIST_FILE = YES;
				INFOPLIST_KEY_UIApplicationSceneManifest_Generation = YES;
				INFOPLIST_KEY_UIApplicationSupportsIndirectInputEvents = YES;
				INFOPLIST_KEY_UILaunchScreen_Generation = YES;
				INFOPLIST_KEY_UISupportedInterfaceOrientations_iPad = "UIInterfaceOrientationPortrait UIInterfaceOrientationPortraitUpsideDown UIInterfaceOrientationLandscapeLeft UIInterfaceOrientationLandscapeRight";
				INFOPLIST_KEY_UISupportedInterfaceOrientations_iPhone = "UIInterfaceOrientationPortrait UIInterfaceOrientationLandscapeLeft UIInterfaceOrientationLandscapeRight";
				IPHONEOS_DEPLOYMENT_TARGET = 14.0;
				LD_RUNPATH_SEARCH_PATHS = (
					"$(inherited)",
					"@executable_path/Frameworks",
				);
				MARKETING_VERSION = 1.0;
				PRODUCT_BUNDLE_IDENTIFIER = me.viennarz.ThemeSwitch;
				PRODUCT_NAME = "$(TARGET_NAME)";
				SWIFT_EMIT_LOC_STRINGS = YES;
				SWIFT_VERSION = 5.0;
				TARGETED_DEVICE_FAMILY = "1,2";
			};
			name = Release;
		};
		21F58A5F27A3EE0E00883402 /* Debug */ = {
			isa = XCBuildConfiguration;
			buildSettings = {
				ALWAYS_EMBED_SWIFT_STANDARD_LIBRARIES = YES;
				BUNDLE_LOADER = "$(TEST_HOST)";
				CODE_SIGN_STYLE = Automatic;
				CURRENT_PROJECT_VERSION = 1;
				GENERATE_INFOPLIST_FILE = YES;
				IPHONEOS_DEPLOYMENT_TARGET = 15.2;
				MARKETING_VERSION = 1.0;
				PRODUCT_BUNDLE_IDENTIFIER = me.viennarz.ThemeSwitchTests;
				PRODUCT_NAME = "$(TARGET_NAME)";
				SWIFT_EMIT_LOC_STRINGS = NO;
				SWIFT_VERSION = 5.0;
				TARGETED_DEVICE_FAMILY = "1,2";
				TEST_HOST = "$(BUILT_PRODUCTS_DIR)/ThemeSwitch.app/ThemeSwitch";
			};
			name = Debug;
		};
		21F58A6027A3EE0E00883402 /* Release */ = {
			isa = XCBuildConfiguration;
			buildSettings = {
				ALWAYS_EMBED_SWIFT_STANDARD_LIBRARIES = YES;
				BUNDLE_LOADER = "$(TEST_HOST)";
				CODE_SIGN_STYLE = Automatic;
				CURRENT_PROJECT_VERSION = 1;
				GENERATE_INFOPLIST_FILE = YES;
				IPHONEOS_DEPLOYMENT_TARGET = 15.2;
				MARKETING_VERSION = 1.0;
				PRODUCT_BUNDLE_IDENTIFIER = me.viennarz.ThemeSwitchTests;
				PRODUCT_NAME = "$(TARGET_NAME)";
				SWIFT_EMIT_LOC_STRINGS = NO;
				SWIFT_VERSION = 5.0;
				TARGETED_DEVICE_FAMILY = "1,2";
				TEST_HOST = "$(BUILT_PRODUCTS_DIR)/ThemeSwitch.app/ThemeSwitch";
			};
			name = Release;
		};
		21F58A6227A3EE0E00883402 /* Debug */ = {
			isa = XCBuildConfiguration;
			buildSettings = {
				ALWAYS_EMBED_SWIFT_STANDARD_LIBRARIES = YES;
				CODE_SIGN_STYLE = Automatic;
				CURRENT_PROJECT_VERSION = 1;
				GENERATE_INFOPLIST_FILE = YES;
				MARKETING_VERSION = 1.0;
				PRODUCT_BUNDLE_IDENTIFIER = me.viennarz.ThemeSwitchUITests;
				PRODUCT_NAME = "$(TARGET_NAME)";
				SWIFT_EMIT_LOC_STRINGS = NO;
				SWIFT_VERSION = 5.0;
				TARGETED_DEVICE_FAMILY = "1,2";
				TEST_TARGET_NAME = ThemeSwitch;
			};
			name = Debug;
		};
		21F58A6327A3EE0E00883402 /* Release */ = {
			isa = XCBuildConfiguration;
			buildSettings = {
				ALWAYS_EMBED_SWIFT_STANDARD_LIBRARIES = YES;
				CODE_SIGN_STYLE = Automatic;
				CURRENT_PROJECT_VERSION = 1;
				GENERATE_INFOPLIST_FILE = YES;
				MARKETING_VERSION = 1.0;
				PRODUCT_BUNDLE_IDENTIFIER = me.viennarz.ThemeSwitchUITests;
				PRODUCT_NAME = "$(TARGET_NAME)";
				SWIFT_EMIT_LOC_STRINGS = NO;
				SWIFT_VERSION = 5.0;
				TARGETED_DEVICE_FAMILY = "1,2";
				TEST_TARGET_NAME = ThemeSwitch;
			};
			name = Release;
		};
/* End XCBuildConfiguration section */

/* Begin XCConfigurationList section */
		21F58A3227A3EE0C00883402 /* Build configuration list for PBXProject "ThemeSwitch" */ = {
			isa = XCConfigurationList;
			buildConfigurations = (
				21F58A5927A3EE0E00883402 /* Debug */,
				21F58A5A27A3EE0E00883402 /* Release */,
			);
			defaultConfigurationIsVisible = 0;
			defaultConfigurationName = Release;
		};
		21F58A5B27A3EE0E00883402 /* Build configuration list for PBXNativeTarget "ThemeSwitch" */ = {
			isa = XCConfigurationList;
			buildConfigurations = (
				21F58A5C27A3EE0E00883402 /* Debug */,
				21F58A5D27A3EE0E00883402 /* Release */,
			);
			defaultConfigurationIsVisible = 0;
			defaultConfigurationName = Release;
		};
		21F58A5E27A3EE0E00883402 /* Build configuration list for PBXNativeTarget "ThemeSwitchTests" */ = {
			isa = XCConfigurationList;
			buildConfigurations = (
				21F58A5F27A3EE0E00883402 /* Debug */,
				21F58A6027A3EE0E00883402 /* Release */,
			);
			defaultConfigurationIsVisible = 0;
			defaultConfigurationName = Release;
		};
		21F58A6127A3EE0E00883402 /* Build configuration list for PBXNativeTarget "ThemeSwitchUITests" */ = {
			isa = XCConfigurationList;
			buildConfigurations = (
				21F58A6227A3EE0E00883402 /* Debug */,
				21F58A6327A3EE0E00883402 /* Release */,
			);
			defaultConfigurationIsVisible = 0;
			defaultConfigurationName = Release;
		};
/* End XCConfigurationList section */
	};
	rootObject = 21F58A2F27A3EE0C00883402 /* Project object */;
}
